
Microsoft Visual Studio Solution File, Format Version 12.00
# Visual Studio 15
Project("{FAE04EC0-301F-11D3-BF4B-00C04F79EFBC}") = "UnityEditor.UI", "UnityEditor.UI.csproj", "{B7BB3BDB-17AF-5699-11DC-7415012025D1}"
EndProject
Project("{FAE04EC0-301F-11D3-BF4B-00C04F79EFBC}") = "UnityEngine.UI", "UnityEngine.UI.csproj", "{89C51F7E-EE96-1E27-01DE-E576589E6AD3}"
EndProject
Project("{FAE04EC0-301F-11D3-BF4B-00C04F79EFBC}") = "Assembly-CSharp", "Assembly-CSharp.csproj", "{E20A78DD-1751-0CE7-7803-07A6B6002866}"
EndProject
Global
	GlobalSection(SolutionConfigurationPlatforms) = preSolution
		Debug|Any CPU = Debug|Any CPU
		Release|Any CPU = Release|Any CPU
	EndGlobalSection
	GlobalSection(ProjectConfigurationPlatforms) = postSolution
		{B7BB3BDB-17AF-5699-11DC-7415012025D1}.Debug|Any CPU.ActiveCfg = Debug|Any CPU
		{B7BB3BDB-17AF-5699-11DC-7415012025D1}.Debug|Any CPU.Build.0 = Debug|Any CPU
		{B7BB3BDB-17AF-5699-11DC-7415012025D1}.Release|Any CPU.ActiveCfg = Release|Any CPU
		{B7BB3BDB-17AF-5699-11DC-7415012025D1}.Release|Any CPU.Build.0 = Release|Any CPU
		{89C51F7E-EE96-1E27-01DE-E576589E6AD3}.Debug|Any CPU.ActiveCfg = Debug|Any CPU
		{89C51F7E-EE96-1E27-01DE-E576589E6AD3}.Debug|Any CPU.Build.0 = Debug|Any CPU
		{89C51F7E-EE96-1E27-01DE-E576589E6AD3}.Release|Any CPU.ActiveCfg = Release|Any CPU
		{89C51F7E-EE96-1E27-01DE-E576589E6AD3}.Release|Any CPU.Build.0 = Release|Any CPU
		{E20A78DD-1751-0CE7-7803-07A6B6002866}.Debug|Any CPU.ActiveCfg = Debug|Any CPU
		{E20A78DD-1751-0CE7-7803-07A6B6002866}.Debug|Any CPU.Build.0 = Debug|Any CPU
		{E20A78DD-1751-0CE7-7803-07A6B6002866}.Release|Any CPU.ActiveCfg = Release|Any CPU
		{E20A78DD-1751-0CE7-7803-07A6B6002866}.Release|Any CPU.Build.0 = Release|Any CPU
	EndGlobalSection
	GlobalSection(SolutionProperties) = preSolution
		HideSolutionNode = FALSE
	EndGlobalSection
EndGlobal
